// !$*UTF8*$!
{
	archiveVersion = 1;
	classes = {
	};
	objectVersion = 55;
	objects = {

/* Begin PBXBuildFile section */
		ACE3E0FA2A61CACF00F9E38B /* SwiftUISliderUsageApp.swift in Sources */ = {isa = PBXBuildFile; fileRef = ACE3E0F92A61CACF00F9E38B /* SwiftUISliderUsageApp.swift */; };
		ACE3E0FE2A61CAD000F9E38B /* Assets.xcassets in Resources */ = {isa = PBXBuildFile; fileRef = ACE3E0FD2A61CAD000F9E38B /* Assets.xcassets */; };
		ACE3E1012A61CAD000F9E38B /* Preview Assets.xcassets in Resources */ = {isa = PBXBuildFile; fileRef = ACE3E1002A61CAD000F9E38B /* Preview Assets.xcassets */; };
		ACE3E10C2A61CF8800F9E38B /* Loan.swift in Sources */ = {isa = PBXBuildFile; fileRef = ACE3E10B2A61CF8800F9E38B /* Loan.swift */; };
		ACE3E10E2A61CFE700F9E38B /* LoanRequest.swift in Sources */ = {isa = PBXBuildFile; fileRef = ACE3E10D2A61CFE700F9E38B /* LoanRequest.swift */; };
		ACE3E1102A61D38400F9E38B /* NetworkRequest.swift in Sources */ = {isa = PBXBuildFile; fileRef = ACE3E10F2A61D38400F9E38B /* NetworkRequest.swift */; };
		ACE3E1122A61D51D00F9E38B /* LoanViewModel.swift in Sources */ = {isa = PBXBuildFile; fileRef = ACE3E1112A61D51D00F9E38B /* LoanViewModel.swift */; };
		ACE3E1142A61D69100F9E38B /* LoanView.swift in Sources */ = {isa = PBXBuildFile; fileRef = ACE3E1132A61D69100F9E38B /* LoanView.swift */; };
		ACE3E1162A61DAED00F9E38B /* LoanCellView.swift in Sources */ = {isa = PBXBuildFile; fileRef = ACE3E1152A61DAED00F9E38B /* LoanCellView.swift */; };
		ACE3E1192A61DB1900F9E38B /* ProviderPreview + EXT.swift in Sources */ = {isa = PBXBuildFile; fileRef = ACE3E1182A61DB1900F9E38B /* ProviderPreview + EXT.swift */; };
/* End PBXBuildFile section */

/* Begin PBXFileReference section */
		ACE3E0F62A61CACF00F9E38B /* SwiftUISliderUsage.app */ = {isa = PBXFileReference; explicitFileType = wrapper.application; includeInIndex = 0; path = SwiftUISliderUsage.app; sourceTree = BUILT_PRODUCTS_DIR; };
		ACE3E0F92A61CACF00F9E38B /* SwiftUISliderUsageApp.swift */ = {isa = PBXFileReference; lastKnownFileType = sourcecode.swift; path = SwiftUISliderUsageApp.swift; sourceTree = "<group>"; };
		ACE3E0FD2A61CAD000F9E38B /* Assets.xcassets */ = {isa = PBXFileReference; lastKnownFileType = folder.assetcatalog; path = Assets.xcassets; sourceTree = "<group>"; };
		ACE3E1002A61CAD000F9E38B /* Preview Assets.xcassets */ = {isa = PBXFileReference; lastKnownFileType = folder.assetcatalog; path = "Preview Assets.xcassets"; sourceTree = "<group>"; };
		ACE3E10B2A61CF8800F9E38B /* Loan.swift */ = {isa = PBXFileReference; lastKnownFileType = sourcecode.swift; path = Loan.swift; sourceTree = "<group>"; };
		ACE3E10D2A61CFE700F9E38B /* LoanRequest.swift */ = {isa = PBXFileReference; lastKnownFileType = sourcecode.swift; path = LoanRequest.swift; sourceTree = "<group>"; };
		ACE3E10F2A61D38400F9E38B /* NetworkRequest.swift */ = {isa = PBXFileReference; lastKnownFileType = sourcecode.swift; path = NetworkRequest.swift; sourceTree = "<group>"; };
		ACE3E1112A61D51D00F9E38B /* LoanViewModel.swift */ = {isa = PBXFileReference; lastKnownFileType = sourcecode.swift; path = LoanViewModel.swift; sourceTree = "<group>"; };
		ACE3E1132A61D69100F9E38B /* LoanView.swift */ = {isa = PBXFileReference; lastKnownFileType = sourcecode.swift; path = LoanView.swift; sourceTree = "<group>"; };
		ACE3E1152A61DAED00F9E38B /* LoanCellView.swift */ = {isa = PBXFileReference; lastKnownFileType = sourcecode.swift; path = LoanCellView.swift; sourceTree = "<group>"; };
		ACE3E1182A61DB1900F9E38B /* ProviderPreview + EXT.swift */ = {isa = PBXFileReference; lastKnownFileType = sourcecode.swift; path = "ProviderPreview + EXT.swift"; sourceTree = "<group>"; };
/* End PBXFileReference section */

/* Begin PBXFrameworksBuildPhase section */
		ACE3E0F32A61CACF00F9E38B /* Frameworks */ = {
			isa = PBXFrameworksBuildPhase;
			buildActionMask = 2147483647;
			files = (
			);
			runOnlyForDeploymentPostprocessing = 0;
		};
/* End PBXFrameworksBuildPhase section */

/* Begin PBXGroup section */
		ACE3E0ED2A61CACF00F9E38B = {
			isa = PBXGroup;
			children = (
				ACE3E0F82A61CACF00F9E38B /* SwiftUISliderUsage */,
				ACE3E0F72A61CACF00F9E38B /* Products */,
			);
			sourceTree = "<group>";
		};
		ACE3E0F72A61CACF00F9E38B /* Products */ = {
			isa = PBXGroup;
			children = (
				ACE3E0F62A61CACF00F9E38B /* SwiftUISliderUsage.app */,
			);
			name = Products;
			sourceTree = "<group>";
		};
		ACE3E0F82A61CACF00F9E38B /* SwiftUISliderUsage */ = {
			isa = PBXGroup;
			children = (
				ACE3E0F92A61CACF00F9E38B /* SwiftUISliderUsageApp.swift */,
				ACE3E1172A61DB0900F9E38B /* Extension */,
				ACE3E10A2A61CF7F00F9E38B /* Networking */,
				ACE3E1072A61CF6900F9E38B /* Model */,
				ACE3E1082A61CF6D00F9E38B /* ViewModel */,
				ACE3E1092A61CF7100F9E38B /* View */,
				ACE3E0FD2A61CAD000F9E38B /* Assets.xcassets */,
				ACE3E0FF2A61CAD000F9E38B /* Preview Content */,
			);
			path = SwiftUISliderUsage;
			sourceTree = "<group>";
		};
		ACE3E0FF2A61CAD000F9E38B /* Preview Content */ = {
			isa = PBXGroup;
			children = (
				ACE3E1002A61CAD000F9E38B /* Preview Assets.xcassets */,
			);
			path = "Preview Content";
			sourceTree = "<group>";
		};
		ACE3E1072A61CF6900F9E38B /* Model */ = {
			isa = PBXGroup;
			children = (
				ACE3E10D2A61CFE700F9E38B /* LoanRequest.swift */,
				ACE3E10B2A61CF8800F9E38B /* Loan.swift */,
			);
			path = Model;
			sourceTree = "<group>";
		};
		ACE3E1082A61CF6D00F9E38B /* ViewModel */ = {
			isa = PBXGroup;
			children = (
				ACE3E1112A61D51D00F9E38B /* LoanViewModel.swift */,
			);
			path = ViewModel;
			sourceTree = "<group>";
		};
		ACE3E1092A61CF7100F9E38B /* View */ = {
			isa = PBXGroup;
			children = (
				ACE3E1132A61D69100F9E38B /* LoanView.swift */,
				ACE3E1152A61DAED00F9E38B /* LoanCellView.swift */,
			);
			path = View;
			sourceTree = "<group>";
		};
		ACE3E10A2A61CF7F00F9E38B /* Networking */ = {
			isa = PBXGroup;
			children = (
				ACE3E10F2A61D38400F9E38B /* NetworkRequest.swift */,
			);
			path = Networking;
			sourceTree = "<group>";
		};
		ACE3E1172A61DB0900F9E38B /* Extension */ = {
			isa = PBXGroup;
			children = (
				ACE3E1182A61DB1900F9E38B /* ProviderPreview + EXT.swift */,
			);
			path = Extension;
			sourceTree = "<group>";
		};
/* End PBXGroup section */

/* Begin PBXNativeTarget section */
		ACE3E0F52A61CACF00F9E38B /* SwiftUISliderUsage */ = {
			isa = PBXNativeTarget;
			buildConfigurationList = ACE3E1042A61CAD000F9E38B /* Build configuration list for PBXNativeTarget "SwiftUISliderUsage" */;
			buildPhases = (
				ACE3E0F22A61CACF00F9E38B /* Sources */,
				ACE3E0F32A61CACF00F9E38B /* Frameworks */,
				ACE3E0F42A61CACF00F9E38B /* Resources */,
			);
			buildRules = (
			);
			dependencies = (
			);
			name = SwiftUISliderUsage;
			productName = SwiftUISliderUsage;
			productReference = ACE3E0F62A61CACF00F9E38B /* SwiftUISliderUsage.app */;
			productType = "com.apple.product-type.application";
		};
/* End PBXNativeTarget section */

/* Begin PBXProject section */
		ACE3E0EE2A61CACF00F9E38B /* Project object */ = {
			isa = PBXProject;
			attributes = {
				BuildIndependentTargetsInParallel = 1;
				LastSwiftUpdateCheck = 1430;
				LastUpgradeCheck = 1430;
				TargetAttributes = {
					ACE3E0F52A61CACF00F9E38B = {
						CreatedOnToolsVersion = 14.3;
					};
				};
			};
			buildConfigurationList = ACE3E0F12A61CACF00F9E38B /* Build configuration list for PBXProject "SwiftUISliderUsage" */;
			compatibilityVersion = "Xcode 13.0";
			developmentRegion = en;
			hasScannedForEncodings = 0;
			knownRegions = (
				en,
				Base,
			);
			mainGroup = ACE3E0ED2A61CACF00F9E38B;
			productRefGroup = ACE3E0F72A61CACF00F9E38B /* Products */;
			projectDirPath = "";
			projectRoot = "";
			targets = (
				ACE3E0F52A61CACF00F9E38B /* SwiftUISliderUsage */,
			);
		};
/* End PBXProject section */

/* Begin PBXResourcesBuildPhase section */
		ACE3E0F42A61CACF00F9E38B /* Resources */ = {
			isa = PBXResourcesBuildPhase;
			buildActionMask = 2147483647;
			files = (
				ACE3E1012A61CAD000F9E38B /* Preview Assets.xcassets in Resources */,
				ACE3E0FE2A61CAD000F9E38B /* Assets.xcassets in Resources */,
			);
			runOnlyForDeploymentPostprocessing = 0;
		};
/* End PBXResourcesBuildPhase section */

/* Begin PBXSourcesBuildPhase section */
		ACE3E0F22A61CACF00F9E38B /* Sources */ = {
			isa = PBXSourcesBuildPhase;
			buildActionMask = 2147483647;
			files = (
				ACE3E10C2A61CF8800F9E38B /* Loan.swift in Sources */,
				ACE3E1122A61D51D00F9E38B /* LoanViewModel.swift in Sources */,
				ACE3E0FA2A61CACF00F9E38B /* SwiftUISliderUsageApp.swift in Sources */,
				ACE3E1162A61DAED00F9E38B /* LoanCellView.swift in Sources */,
				ACE3E1142A61D69100F9E38B /* LoanView.swift in Sources */,
				ACE3E10E2A61CFE700F9E38B /* LoanRequest.swift in Sources */,
				ACE3E1102A61D38400F9E38B /* NetworkRequest.swift in Sources */,
				ACE3E1192A61DB1900F9E38B /* ProviderPreview + EXT.swift in Sources */,
			);
			runOnlyForDeploymentPostprocessing = 0;
		};
/* End PBXSourcesBuildPhase section */

/* Begin XCBuildConfiguration section */
		ACE3E1022A61CAD000F9E38B /* Debug */ = {
			isa = XCBuildConfiguration;
			buildSettings = {
				ALWAYS_SEARCH_USER_PATHS = NO;
				CLANG_ANALYZER_NONNULL = YES;
				CLANG_ANALYZER_NUMBER_OBJECT_CONVERSION = YES_AGGRESSIVE;
				CLANG_CXX_LANGUAGE_STANDARD = "gnu++20";
				CLANG_ENABLE_MODULES = YES;
				CLANG_ENABLE_OBJC_ARC = YES;
				CLANG_ENABLE_OBJC_WEAK = YES;
				CLANG_WARN_BLOCK_CAPTURE_AUTORELEASING = YES;
				CLANG_WARN_BOOL_CONVERSION = YES;
				CLANG_WARN_COMMA = YES;
				CLANG_WARN_CONSTANT_CONVERSION = YES;
				CLANG_WARN_DEPRECATED_OBJC_IMPLEMENTATIONS = YES;
				CLANG_WARN_DIRECT_OBJC_ISA_USAGE = YES_ERROR;
				CLANG_WARN_DOCUMENTATION_COMMENTS = YES;
				CLANG_WARN_EMPTY_BODY = YES;
				CLANG_WARN_ENUM_CONVERSION = YES;
				CLANG_WARN_INFINITE_RECURSION = YES;
				CLANG_WARN_INT_CONVERSION = YES;
				CLANG_WARN_NON_LITERAL_NULL_CONVERSION = YES;
				CLANG_WARN_OBJC_IMPLICIT_RETAIN_SELF = YES;
				CLANG_WARN_OBJC_LITERAL_CONVERSION = YES;
				CLANG_WARN_OBJC_ROOT_CLASS = YES_ERROR;
				CLANG_WARN_QUOTED_INCLUDE_IN_FRAMEWORK_HEADER = YES;
				CLANG_WARN_RANGE_LOOP_ANALYSIS = YES;
				CLANG_WARN_STRICT_PROTOTYPES = YES;
				CLANG_WARN_SUSPICIOUS_MOVE = YES;
				CLANG_WARN_UNGUARDED_AVAILABILITY = YES_AGGRESSIVE;
				CLANG_WARN_UNREACHABLE_CODE = YES;
				CLANG_WARN__DUPLICATE_METHOD_MATCH = YES;
				COPY_PHASE_STRIP = NO;
				DEBUG_INFORMATION_FORMAT = dwarf;
				ENABLE_STRICT_OBJC_MSGSEND = YES;
				ENABLE_TESTABILITY = YES;
				GCC_C_LANGUAGE_STANDARD = gnu11;
				GCC_DYNAMIC_NO_PIC = NO;
				GCC_NO_COMMON_BLOCKS = YES;
				GCC_OPTIMIZATION_LEVEL = 0;
				GCC_PREPROCESSOR_DEFINITIONS = (
					"DEBUG=1",
					"$(inherited)",
				);
				GCC_WARN_64_TO_32_BIT_CONVERSION = YES;
				GCC_WARN_ABOUT_RETURN_TYPE = YES_ERROR;
				GCC_WARN_UNDECLARED_SELECTOR = YES;
				GCC_WARN_UNINITIALIZED_AUTOS = YES_AGGRESSIVE;
				GCC_WARN_UNUSED_FUNCTION = YES;
				GCC_WARN_UNUSED_VARIABLE = YES;
				IPHONEOS_DEPLOYMENT_TARGET = 14.0;
				MTL_ENABLE_DEBUG_INFO = INCLUDE_SOURCE;
				MTL_FAST_MATH = YES;
				ONLY_ACTIVE_ARCH = YES;
				SDKROOT = iphoneos;
				SWIFT_ACTIVE_COMPILATION_CONDITIONS = DEBUG;
				SWIFT_OPTIMIZATION_LEVEL = "-Onone";
			};
			name = Debug;
		};
		ACE3E1032A61CAD000F9E38B /* Release */ = {
			isa = XCBuildConfiguration;
			buildSettings = {
				ALWAYS_SEARCH_USER_PATHS = NO;
				CLANG_ANALYZER_NONNULL = YES;
				CLANG_ANALYZER_NUMBER_OBJECT_CONVERSION = YES_AGGRESSIVE;
				CLANG_CXX_LANGUAGE_STANDARD = "gnu++20";
				CLANG_ENABLE_MODULES = YES;
				CLANG_ENABLE_OBJC_ARC = YES;
				CLANG_ENABLE_OBJC_WEAK = YES;
				CLANG_WARN_BLOCK_CAPTURE_AUTORELEASING = YES;
				CLANG_WARN_BOOL_CONVERSION = YES;
				CLANG_WARN_COMMA = YES;
				CLANG_WARN_CONSTANT_CONVERSION = YES;
				CLANG_WARN_DEPRECATED_OBJC_IMPLEMENTATIONS = YES;
				CLANG_WARN_DIRECT_OBJC_ISA_USAGE = YES_ERROR;
				CLANG_WARN_DOCUMENTATION_COMMENTS = YES;
				CLANG_WARN_EMPTY_BODY = YES;
				CLANG_WARN_ENUM_CONVERSION = YES;
				CLANG_WARN_INFINITE_RECURSION = YES;
				CLANG_WARN_INT_CONVERSION = YES;
				CLANG_WARN_NON_LITERAL_NULL_CONVERSION = YES;
				CLANG_WARN_OBJC_IMPLICIT_RETAIN_SELF = YES;
				CLANG_WARN_OBJC_LITERAL_CONVERSION = YES;
				CLANG_WARN_OBJC_ROOT_CLASS = YES_ERROR;
				CLANG_WARN_QUOTED_INCLUDE_IN_FRAMEWORK_HEADER = YES;
				CLANG_WARN_RANGE_LOOP_ANALYSIS = YES;
				CLANG_WARN_STRICT_PROTOTYPES = YES;
				CLANG_WARN_SUSPICIOUS_MOVE = YES;
				CLANG_WARN_UNGUARDED_AVAILABILITY = YES_AGGRESSIVE;
				CLANG_WARN_UNREACHABLE_CODE = YES;
				CLANG_WARN__DUPLICATE_METHOD_MATCH = YES;
				COPY_PHASE_STRIP = NO;
				DEBUG_INFORMATION_FORMAT = "dwarf-with-dsym";
				ENABLE_NS_ASSERTIONS = NO;
				ENABLE_STRICT_OBJC_MSGSEND = YES;
				GCC_C_LANGUAGE_STANDARD = gnu11;
				GCC_NO_COMMON_BLOCKS = YES;
				GCC_WARN_64_TO_32_BIT_CONVERSION = YES;
				GCC_WARN_ABOUT_RETURN_TYPE = YES_ERROR;
				GCC_WARN_UNDECLARED_SELECTOR = YES;
				GCC_WARN_UNINITIALIZED_AUTOS = YES_AGGRESSIVE;
				GCC_WARN_UNUSED_FUNCTION = YES;
				GCC_WARN_UNUSED_VARIABLE = YES;
				IPHONEOS_DEPLOYMENT_TARGET = 14.0;
				MTL_ENABLE_DEBUG_INFO = NO;
				MTL_FAST_MATH = YES;
				SDKROOT = iphoneos;
				SWIFT_COMPILATION_MODE = wholemodule;
				SWIFT_OPTIMIZATION_LEVEL = "-O";
				VALIDATE_PRODUCT = YES;
			};
			name = Release;
		};
		ACE3E1052A61CAD000F9E38B /* Debug */ = {
			isa = XCBuildConfiguration;
			buildSettings = {
				ASSETCATALOG_COMPILER_APPICON_NAME = AppIcon;
				ASSETCATALOG_COMPILER_GLOBAL_ACCENT_COLOR_NAME = AccentColor;
				CODE_SIGN_STYLE = Automatic;
				CURRENT_PROJECT_VERSION = 1;
				DEVELOPMENT_ASSET_PATHS = "\"SwiftUISliderUsage/Preview Content\"";
				DEVELOPMENT_TEAM = M4SYRBQBFW;
				ENABLE_PREVIEWS = YES;
				GENERATE_INFOPLIST_FILE = YES;
				INFOPLIST_KEY_UIApplicationSceneManifest_Generation = YES;
				INFOPLIST_KEY_UIApplicationSupportsIndirectInputEvents = YES;
				INFOPLIST_KEY_UILaunchScreen_Generation = YES;
				INFOPLIST_KEY_UISupportedInterfaceOrientations = UIInterfaceOrientationPortrait;
				IPHONEOS_DEPLOYMENT_TARGET = 14.0;
				LD_RUNPATH_SEARCH_PATHS = (
					"$(inherited)",
					"@executable_path/Frameworks",
				);
				MARKETING_VERSION = 1.0;
				PRODUCT_BUNDLE_IDENTIFIER = com.AhmedAmin.SwiftUISliderUsage;
				PRODUCT_NAME = "$(TARGET_NAME)";
				SUPPORTED_PLATFORMS = "iphoneos iphonesimulator";
				SUPPORTS_MACCATALYST = NO;
				SUPPORTS_MAC_DESIGNED_FOR_IPHONE_IPAD = NO;
				SWIFT_EMIT_LOC_STRINGS = YES;
				SWIFT_VERSION = 5.0;
				TARGETED_DEVICE_FAMILY = "1,2";
			};
			name = Debug;
		};
		ACE3E1062A61CAD000F9E38B /* Release */ = {
			isa = XCBuildConfiguration;
			buildSettings = {
				ASSETCATALOG_COMPILER_APPICON_NAME = AppIcon;
				ASSETCATALOG_COMPILER_GLOBAL_ACCENT_COLOR_NAME = AccentColor;
				CODE_SIGN_STYLE = Automatic;
				CURRENT_PROJECT_VERSION = 1;
				DEVELOPMENT_ASSET_PATHS = "\"SwiftUISliderUsage/Preview Content\"";
				DEVELOPMENT_TEAM = M4SYRBQBFW;
				ENABLE_PREVIEWS = YES;
				GENERATE_INFOPLIST_FILE = YES;
				INFOPLIST_KEY_UIApplicationSceneManifest_Generation = YES;
				INFOPLIST_KEY_UIApplicationSupportsIndirectInputEvents = YES;
				INFOPLIST_KEY_UILaunchScreen_Generation = YES;
				INFOPLIST_KEY_UISupportedInterfaceOrientations = UIInterfaceOrientationPortrait;
				IPHONEOS_DEPLOYMENT_TARGET = 14.0;
				LD_RUNPATH_SEARCH_PATHS = (
					"$(inherited)",
					"@executable_path/Frameworks",
				);
				MARKETING_VERSION = 1.0;
				PRODUCT_BUNDLE_IDENTIFIER = com.AhmedAmin.SwiftUISliderUsage;
				PRODUCT_NAME = "$(TARGET_NAME)";
				SUPPORTED_PLATFORMS = "iphoneos iphonesimulator";
				SUPPORTS_MACCATALYST = NO;
				SUPPORTS_MAC_DESIGNED_FOR_IPHONE_IPAD = NO;
				SWIFT_EMIT_LOC_STRINGS = YES;
				SWIFT_VERSION = 5.0;
				TARGETED_DEVICE_FAMILY = "1,2";
			};
			name = Release;
		};
/* End XCBuildConfiguration section */

/* Begin XCConfigurationList section */
		ACE3E0F12A61CACF00F9E38B /* Build configuration list for PBXProject "SwiftUISliderUsage" */ = {
			isa = XCConfigurationList;
			buildConfigurations = (
				ACE3E1022A61CAD000F9E38B /* Debug */,
				ACE3E1032A61CAD000F9E38B /* Release */,
			);
			defaultConfigurationIsVisible = 0;
			defaultConfigurationName = Release;
		};
		ACE3E1042A61CAD000F9E38B /* Build configuration list for PBXNativeTarget "SwiftUISliderUsage" */ = {
			isa = XCConfigurationList;
			buildConfigurations = (
				ACE3E1052A61CAD000F9E38B /* Debug */,
				ACE3E1062A61CAD000F9E38B /* Release */,
			);
			defaultConfigurationIsVisible = 0;
			defaultConfigurationName = Release;
		};
/* End XCConfigurationList section */
	};
	rootObject = ACE3E0EE2A61CACF00F9E38B /* Project object */;
}
